// !$*UTF8*$!
{
	archiveVersion = 1;
	classes = {
	};
	objectVersion = 46;
	objects = {

/* Begin PBXBuildFile section */
		F12458321CB175AD00872D55 /* Subscriber.swift in Sources */ = {isa = PBXBuildFile; fileRef = F12458311CB175AD00872D55 /* Subscriber.swift */; };
		F124672D1D0B3D6F002A8325 /* ColorScheme.swift in Sources */ = {isa = PBXBuildFile; fileRef = F124672C1D0B3D6F002A8325 /* ColorScheme.swift */; };
		F12467311D0DBDBD002A8325 /* SnapshotHelper.swift in Sources */ = {isa = PBXBuildFile; fileRef = F12467301D0DBDBD002A8325 /* SnapshotHelper.swift */; };
		F18C86FA1D36BCDB0021F729 /* Hatching.h in Headers */ = {isa = PBXBuildFile; fileRef = F18C86F91D36BCDB0021F729 /* Hatching.h */; settings = {ATTRIBUTES = (Public, ); }; };
		F18C87011D36BCDB0021F729 /* Hatching.framework in Frameworks */ = {isa = PBXBuildFile; fileRef = F18C86F71D36BCDB0021F729 /* Hatching.framework */; };
		F18C870C1D36BCDB0021F729 /* Hatching.framework in Frameworks */ = {isa = PBXBuildFile; fileRef = F18C86F71D36BCDB0021F729 /* Hatching.framework */; };
		F18C870D1D36BCDB0021F729 /* Hatching.framework in Embed Frameworks */ = {isa = PBXBuildFile; fileRef = F18C86F71D36BCDB0021F729 /* Hatching.framework */; settings = {ATTRIBUTES = (CodeSignOnCopy, RemoveHeadersOnCopy, ); }; };
		F18C871C1D36BD3E0021F729 /* Circle+NormalizedRadius.swift in Sources */ = {isa = PBXBuildFile; fileRef = F18C87161D36BD3E0021F729 /* Circle+NormalizedRadius.swift */; };
		F18C87281D36BD5B0021F729 /* Circle.swift in Sources */ = {isa = PBXBuildFile; fileRef = F18C87211D36BD5B0021F729 /* Circle.swift */; };
		F18C87291D36BD5B0021F729 /* Hatchery.swift in Sources */ = {isa = PBXBuildFile; fileRef = F18C87221D36BD5B0021F729 /* Hatchery.swift */; };
		F18C872A1D36BD5B0021F729 /* Node.swift in Sources */ = {isa = PBXBuildFile; fileRef = F18C87231D36BD5B0021F729 /* Node.swift */; };
		F18C872B1D36BD5B0021F729 /* RandomGenerator.swift in Sources */ = {isa = PBXBuildFile; fileRef = F18C87241D36BD5B0021F729 /* RandomGenerator.swift */; };
		F18C872C1D36BD5B0021F729 /* Storage.swift in Sources */ = {isa = PBXBuildFile; fileRef = F18C87251D36BD5B0021F729 /* Storage.swift */; };
		F18C872E1D36BD5B0021F729 /* Viewport.swift in Sources */ = {isa = PBXBuildFile; fileRef = F18C87271D36BD5B0021F729 /* Viewport.swift */; };
		F18C87301D36BE430021F729 /* CGRect+Helpers.swift in Sources */ = {isa = PBXBuildFile; fileRef = F18C872F1D36BE430021F729 /* CGRect+Helpers.swift */; };
		F18C87381D36C36C0021F729 /* AppDelegate.swift in Sources */ = {isa = PBXBuildFile; fileRef = F18C87371D36C36C0021F729 /* AppDelegate.swift */; };
		F18C873A1D36C36C0021F729 /* ViewController.swift in Sources */ = {isa = PBXBuildFile; fileRef = F18C87391D36C36C0021F729 /* ViewController.swift */; };
		F18C873C1D36C36C0021F729 /* Assets.xcassets in Resources */ = {isa = PBXBuildFile; fileRef = F18C873B1D36C36C0021F729 /* Assets.xcassets */; };
		F18C873F1D36C36C0021F729 /* Main.storyboard in Resources */ = {isa = PBXBuildFile; fileRef = F18C873D1D36C36C0021F729 /* Main.storyboard */; };
		F18C874A1D36C36C0021F729 /* HeadlessGeneratorTests.swift in Sources */ = {isa = PBXBuildFile; fileRef = F18C87491D36C36C0021F729 /* HeadlessGeneratorTests.swift */; };
		F18C875D1D36C4340021F729 /* Hatching Mac.h in Headers */ = {isa = PBXBuildFile; fileRef = F18C875C1D36C4340021F729 /* Hatching Mac.h */; settings = {ATTRIBUTES = (Public, ); }; };
		F18C87641D36C4350021F729 /* Hatching.framework in Frameworks */ = {isa = PBXBuildFile; fileRef = F18C875A1D36C4340021F729 /* Hatching.framework */; };
		F18C876B1D36C4350021F729 /* Hatching_MacTests.swift in Sources */ = {isa = PBXBuildFile; fileRef = F18C876A1D36C4350021F729 /* Hatching_MacTests.swift */; };
		F18C876F1D36C4350021F729 /* Hatching.framework in Frameworks */ = {isa = PBXBuildFile; fileRef = F18C875A1D36C4340021F729 /* Hatching.framework */; };
		F18C87701D36C4350021F729 /* Hatching.framework in Embed Frameworks */ = {isa = PBXBuildFile; fileRef = F18C875A1D36C4340021F729 /* Hatching.framework */; settings = {ATTRIBUTES = (CodeSignOnCopy, RemoveHeadersOnCopy, ); }; };
		F18C87781D36C4950021F729 /* Circle.swift in Sources */ = {isa = PBXBuildFile; fileRef = F18C87211D36BD5B0021F729 /* Circle.swift */; };
		F18C87791D36C4950021F729 /* Node.swift in Sources */ = {isa = PBXBuildFile; fileRef = F18C87231D36BD5B0021F729 /* Node.swift */; };
		F18C877A1D36C4950021F729 /* Hatchery.swift in Sources */ = {isa = PBXBuildFile; fileRef = F18C87221D36BD5B0021F729 /* Hatchery.swift */; };
		F18C877B1D36C4950021F729 /* RandomGenerator.swift in Sources */ = {isa = PBXBuildFile; fileRef = F18C87241D36BD5B0021F729 /* RandomGenerator.swift */; };
		F18C877C1D36C4950021F729 /* Storage.swift in Sources */ = {isa = PBXBuildFile; fileRef = F18C87251D36BD5B0021F729 /* Storage.swift */; };
		F18C877D1D36C4950021F729 /* Viewport.swift in Sources */ = {isa = PBXBuildFile; fileRef = F18C87271D36BD5B0021F729 /* Viewport.swift */; };
		F18C877E1D36C4950021F729 /* CGRect+Helpers.swift in Sources */ = {isa = PBXBuildFile; fileRef = F18C872F1D36BE430021F729 /* CGRect+Helpers.swift */; };
		F19C1D5C1B35F039002522F2 /* AppDelegate.swift in Sources */ = {isa = PBXBuildFile; fileRef = F19C1D5B1B35F039002522F2 /* AppDelegate.swift */; };
		F19C1D5E1B35F039002522F2 /* ViewController.swift in Sources */ = {isa = PBXBuildFile; fileRef = F19C1D5D1B35F039002522F2 /* ViewController.swift */; };
		F19C1D611B35F039002522F2 /* Main.storyboard in Resources */ = {isa = PBXBuildFile; fileRef = F19C1D5F1B35F039002522F2 /* Main.storyboard */; };
		F19C1D631B35F039002522F2 /* Assets.xcassets in Resources */ = {isa = PBXBuildFile; fileRef = F19C1D621B35F039002522F2 /* Assets.xcassets */; };
		F19C1D661B35F039002522F2 /* LaunchScreen.storyboard in Resources */ = {isa = PBXBuildFile; fileRef = F19C1D641B35F039002522F2 /* LaunchScreen.storyboard */; };
		F19C1D711B35F039002522F2 /* CircloneTests.swift in Sources */ = {isa = PBXBuildFile; fileRef = F19C1D701B35F039002522F2 /* CircloneTests.swift */; };
		F19C1D7C1B35F039002522F2 /* CircloneUITests.swift in Sources */ = {isa = PBXBuildFile; fileRef = F19C1D7B1B35F039002522F2 /* CircloneUITests.swift */; };
		F1DE05411B54440B00ACF5AD /* CircleView.swift in Sources */ = {isa = PBXBuildFile; fileRef = F1DE05401B54440B00ACF5AD /* CircleView.swift */; };
		F1EC814D1CB92FA800DA311A /* DynamicColor+Deriving.swift in Sources */ = {isa = PBXBuildFile; fileRef = F1EC81211CB92FA800DA311A /* DynamicColor+Deriving.swift */; };
		F1EC814E1CB92FA800DA311A /* DynamicColor+RGBA.swift in Sources */ = {isa = PBXBuildFile; fileRef = F1EC81221CB92FA800DA311A /* DynamicColor+RGBA.swift */; };
		F1EC814F1CB92FA800DA311A /* DynamicColor.swift in Sources */ = {isa = PBXBuildFile; fileRef = F1EC81231CB92FA800DA311A /* DynamicColor.swift */; };
		F1EC81501CB92FA800DA311A /* HSL.swift in Sources */ = {isa = PBXBuildFile; fileRef = F1EC81241CB92FA800DA311A /* HSL.swift */; };
		F1FF49A61D5E0B12000F744A /* NodeTests.swift in Sources */ = {isa = PBXBuildFile; fileRef = F1FF49A51D5E0B12000F744A /* NodeTests.swift */; };
		F1FF49A81D5E0B1E000F744A /* CGRectTests.swift in Sources */ = {isa = PBXBuildFile; fileRef = F1FF49A71D5E0B1E000F744A /* CGRectTests.swift */; };
		F1FF49AA1D5E0D04000F744A /* Storage+SVG.swift in Sources */ = {isa = PBXBuildFile; fileRef = F1FF49A91D5E0D04000F744A /* Storage+SVG.swift */; };
		F1FF49AC1D5E139A000F744A /* Circle+Comparable.swift in Sources */ = {isa = PBXBuildFile; fileRef = F1FF49AB1D5E139A000F744A /* Circle+Comparable.swift */; };
		F1FF49AE1D5E13FD000F744A /* Circle+Collision.swift in Sources */ = {isa = PBXBuildFile; fileRef = F1FF49AD1D5E13FD000F744A /* Circle+Collision.swift */; };
		F1FF49B01D5E1625000F744A /* CollectionType+BinarySearch.swift in Sources */ = {isa = PBXBuildFile; fileRef = F1FF49AF1D5E1625000F744A /* CollectionType+BinarySearch.swift */; };
		F1FF49B21D5E1863000F744A /* HatcheryDelegate.swift in Sources */ = {isa = PBXBuildFile; fileRef = F1FF49B11D5E1863000F744A /* HatcheryDelegate.swift */; };
		F1FF49B41D5E1D53000F744A /* CircleTests.swift in Sources */ = {isa = PBXBuildFile; fileRef = F1FF49B31D5E1D53000F744A /* CircleTests.swift */; };
		F1FF49B61D5E2963000F744A /* CirclesWatcher.swift in Sources */ = {isa = PBXBuildFile; fileRef = F1FF49B51D5E2963000F744A /* CirclesWatcher.swift */; };
/* End PBXBuildFile section */

/* Begin PBXContainerItemProxy section */
		F18C87021D36BCDB0021F729 /* PBXContainerItemProxy */ = {
			isa = PBXContainerItemProxy;
			containerPortal = F19C1D501B35F038002522F2 /* Project object */;
			proxyType = 1;
			remoteGlobalIDString = F18C86F61D36BCDB0021F729;
			remoteInfo = Hatching;
		};
		F18C87041D36BCDB0021F729 /* PBXContainerItemProxy */ = {
			isa = PBXContainerItemProxy;
			containerPortal = F19C1D501B35F038002522F2 /* Project object */;
			proxyType = 1;
			remoteGlobalIDString = F19C1D571B35F039002522F2;
			remoteInfo = Circlone;
		};
		F18C870A1D36BCDB0021F729 /* PBXContainerItemProxy */ = {
			isa = PBXContainerItemProxy;
			containerPortal = F19C1D501B35F038002522F2 /* Project object */;
			proxyType = 1;
			remoteGlobalIDString = F18C86F61D36BCDB0021F729;
			remoteInfo = Hatching;
		};
		F18C87461D36C36C0021F729 /* PBXContainerItemProxy */ = {
			isa = PBXContainerItemProxy;
			containerPortal = F19C1D501B35F038002522F2 /* Project object */;
			proxyType = 1;
			remoteGlobalIDString = F18C87341D36C36C0021F729;
			remoteInfo = HeadlessGenerator;
		};
		F18C87651D36C4350021F729 /* PBXContainerItemProxy */ = {
			isa = PBXContainerItemProxy;
			containerPortal = F19C1D501B35F038002522F2 /* Project object */;
			proxyType = 1;
			remoteGlobalIDString = F18C87591D36C4340021F729;
			remoteInfo = "Hatching Mac";
		};
		F18C87671D36C4350021F729 /* PBXContainerItemProxy */ = {
			isa = PBXContainerItemProxy;
			containerPortal = F19C1D501B35F038002522F2 /* Project object */;
			proxyType = 1;
			remoteGlobalIDString = F18C87341D36C36C0021F729;
			remoteInfo = HeadlessGenerator;
		};
		F18C876D1D36C4350021F729 /* PBXContainerItemProxy */ = {
			isa = PBXContainerItemProxy;
			containerPortal = F19C1D501B35F038002522F2 /* Project object */;
			proxyType = 1;
			remoteGlobalIDString = F18C87591D36C4340021F729;
			remoteInfo = "Hatching Mac";
		};
		F19C1D6D1B35F039002522F2 /* PBXContainerItemProxy */ = {
			isa = PBXContainerItemProxy;
			containerPortal = F19C1D501B35F038002522F2 /* Project object */;
			proxyType = 1;
			remoteGlobalIDString = F19C1D571B35F039002522F2;
			remoteInfo = Circlone;
		};
		F19C1D781B35F039002522F2 /* PBXContainerItemProxy */ = {
			isa = PBXContainerItemProxy;
			containerPortal = F19C1D501B35F038002522F2 /* Project object */;
			proxyType = 1;
			remoteGlobalIDString = F19C1D571B35F039002522F2;
			remoteInfo = Circlone;
		};
/* End PBXContainerItemProxy section */

/* Begin PBXCopyFilesBuildPhase section */
		F18C87131D36BCDB0021F729 /* Embed Frameworks */ = {
			isa = PBXCopyFilesBuildPhase;
			buildActionMask = 2147483647;
			dstPath = "";
			dstSubfolderSpec = 10;
			files = (
				F18C870D1D36BCDB0021F729 /* Hatching.framework in Embed Frameworks */,
			);
			name = "Embed Frameworks";
			runOnlyForDeploymentPostprocessing = 0;
		};
		F18C87741D36C4350021F729 /* Embed Frameworks */ = {
			isa = PBXCopyFilesBuildPhase;
			buildActionMask = 2147483647;
			dstPath = "";
			dstSubfolderSpec = 10;
			files = (
				F18C87701D36C4350021F729 /* Hatching.framework in Embed Frameworks */,
			);
			name = "Embed Frameworks";
			runOnlyForDeploymentPostprocessing = 0;
		};
/* End PBXCopyFilesBuildPhase section */

/* Begin PBXFileReference section */
		F12458311CB175AD00872D55 /* Subscriber.swift */ = {isa = PBXFileReference; fileEncoding = 4; lastKnownFileType = sourcecode.swift; path = Subscriber.swift; sourceTree = "<group>"; };
		F124672C1D0B3D6F002A8325 /* ColorScheme.swift */ = {isa = PBXFileReference; fileEncoding = 4; lastKnownFileType = sourcecode.swift; path = ColorScheme.swift; sourceTree = "<group>"; };
		F12467301D0DBDBD002A8325 /* SnapshotHelper.swift */ = {isa = PBXFileReference; lastKnownFileType = sourcecode.swift; name = SnapshotHelper.swift; path = ../fastlane/SnapshotHelper.swift; sourceTree = "<group>"; };
		F18C86F71D36BCDB0021F729 /* Hatching.framework */ = {isa = PBXFileReference; explicitFileType = wrapper.framework; includeInIndex = 0; path = Hatching.framework; sourceTree = BUILT_PRODUCTS_DIR; };
		F18C86F91D36BCDB0021F729 /* Hatching.h */ = {isa = PBXFileReference; lastKnownFileType = sourcecode.c.h; path = Hatching.h; sourceTree = "<group>"; };
		F18C86FB1D36BCDB0021F729 /* Info.plist */ = {isa = PBXFileReference; lastKnownFileType = text.plist.xml; path = Info.plist; sourceTree = "<group>"; };
		F18C87001D36BCDB0021F729 /* HatchingTests.xctest */ = {isa = PBXFileReference; explicitFileType = wrapper.cfbundle; includeInIndex = 0; path = HatchingTests.xctest; sourceTree = BUILT_PRODUCTS_DIR; };
		F18C87091D36BCDB0021F729 /* Info.plist */ = {isa = PBXFileReference; lastKnownFileType = text.plist.xml; path = Info.plist; sourceTree = "<group>"; };
		F18C87161D36BD3E0021F729 /* Circle+NormalizedRadius.swift */ = {isa = PBXFileReference; fileEncoding = 4; lastKnownFileType = sourcecode.swift; path = "Circle+NormalizedRadius.swift"; sourceTree = "<group>"; };
		F18C87211D36BD5B0021F729 /* Circle.swift */ = {isa = PBXFileReference; fileEncoding = 4; lastKnownFileType = sourcecode.swift; path = Circle.swift; sourceTree = "<group>"; };
		F18C87221D36BD5B0021F729 /* Hatchery.swift */ = {isa = PBXFileReference; fileEncoding = 4; lastKnownFileType = sourcecode.swift; path = Hatchery.swift; sourceTree = "<group>"; };
		F18C87231D36BD5B0021F729 /* Node.swift */ = {isa = PBXFileReference; fileEncoding = 4; lastKnownFileType = sourcecode.swift; path = Node.swift; sourceTree = "<group>"; };
		F18C87241D36BD5B0021F729 /* RandomGenerator.swift */ = {isa = PBXFileReference; fileEncoding = 4; lastKnownFileType = sourcecode.swift; path = RandomGenerator.swift; sourceTree = "<group>"; };
		F18C87251D36BD5B0021F729 /* Storage.swift */ = {isa = PBXFileReference; fileEncoding = 4; lastKnownFileType = sourcecode.swift; path = Storage.swift; sourceTree = "<group>"; };
		F18C87271D36BD5B0021F729 /* Viewport.swift */ = {isa = PBXFileReference; fileEncoding = 4; lastKnownFileType = sourcecode.swift; path = Viewport.swift; sourceTree = "<group>"; };
		F18C872F1D36BE430021F729 /* CGRect+Helpers.swift */ = {isa = PBXFileReference; fileEncoding = 4; lastKnownFileType = sourcecode.swift; path = "CGRect+Helpers.swift"; sourceTree = "<group>"; };
		F18C87351D36C36C0021F729 /* HeadlessGenerator.app */ = {isa = PBXFileReference; explicitFileType = wrapper.application; includeInIndex = 0; path = HeadlessGenerator.app; sourceTree = BUILT_PRODUCTS_DIR; };
		F18C87371D36C36C0021F729 /* AppDelegate.swift */ = {isa = PBXFileReference; lastKnownFileType = sourcecode.swift; path = AppDelegate.swift; sourceTree = "<group>"; };
		F18C87391D36C36C0021F729 /* ViewController.swift */ = {isa = PBXFileReference; lastKnownFileType = sourcecode.swift; path = ViewController.swift; sourceTree = "<group>"; };
		F18C873B1D36C36C0021F729 /* Assets.xcassets */ = {isa = PBXFileReference; lastKnownFileType = folder.assetcatalog; path = Assets.xcassets; sourceTree = "<group>"; };
		F18C873E1D36C36C0021F729 /* Base */ = {isa = PBXFileReference; lastKnownFileType = file.storyboard; name = Base; path = Base.lproj/Main.storyboard; sourceTree = "<group>"; };
		F18C87401D36C36C0021F729 /* Info.plist */ = {isa = PBXFileReference; lastKnownFileType = text.plist.xml; path = Info.plist; sourceTree = "<group>"; };
		F18C87451D36C36C0021F729 /* HeadlessGeneratorTests.xctest */ = {isa = PBXFileReference; explicitFileType = wrapper.cfbundle; includeInIndex = 0; path = HeadlessGeneratorTests.xctest; sourceTree = BUILT_PRODUCTS_DIR; };
		F18C87491D36C36C0021F729 /* HeadlessGeneratorTests.swift */ = {isa = PBXFileReference; lastKnownFileType = sourcecode.swift; path = HeadlessGeneratorTests.swift; sourceTree = "<group>"; };
		F18C874B1D36C36C0021F729 /* Info.plist */ = {isa = PBXFileReference; lastKnownFileType = text.plist.xml; path = Info.plist; sourceTree = "<group>"; };
		F18C875A1D36C4340021F729 /* Hatching.framework */ = {isa = PBXFileReference; explicitFileType = wrapper.framework; includeInIndex = 0; path = Hatching.framework; sourceTree = BUILT_PRODUCTS_DIR; };
		F18C875C1D36C4340021F729 /* Hatching Mac.h */ = {isa = PBXFileReference; lastKnownFileType = sourcecode.c.h; path = "Hatching Mac.h"; sourceTree = "<group>"; };
		F18C875E1D36C4340021F729 /* Info.plist */ = {isa = PBXFileReference; lastKnownFileType = text.plist.xml; path = Info.plist; sourceTree = "<group>"; };
		F18C87631D36C4340021F729 /* Hatching.xctest */ = {isa = PBXFileReference; explicitFileType = wrapper.cfbundle; includeInIndex = 0; path = Hatching.xctest; sourceTree = BUILT_PRODUCTS_DIR; };
		F18C876A1D36C4350021F729 /* Hatching_MacTests.swift */ = {isa = PBXFileReference; lastKnownFileType = sourcecode.swift; path = Hatching_MacTests.swift; sourceTree = "<group>"; };
		F18C876C1D36C4350021F729 /* Info.plist */ = {isa = PBXFileReference; lastKnownFileType = text.plist.xml; path = Info.plist; sourceTree = "<group>"; };
		F19C1D581B35F039002522F2 /* Circlone.app */ = {isa = PBXFileReference; explicitFileType = wrapper.application; includeInIndex = 0; path = Circlone.app; sourceTree = BUILT_PRODUCTS_DIR; };
		F19C1D5B1B35F039002522F2 /* AppDelegate.swift */ = {isa = PBXFileReference; lastKnownFileType = sourcecode.swift; path = AppDelegate.swift; sourceTree = "<group>"; };
		F19C1D5D1B35F039002522F2 /* ViewController.swift */ = {isa = PBXFileReference; lastKnownFileType = sourcecode.swift; path = ViewController.swift; sourceTree = "<group>"; };
		F19C1D601B35F039002522F2 /* Base */ = {isa = PBXFileReference; lastKnownFileType = file.storyboard; name = Base; path = Base.lproj/Main.storyboard; sourceTree = "<group>"; };
		F19C1D621B35F039002522F2 /* Assets.xcassets */ = {isa = PBXFileReference; lastKnownFileType = folder.assetcatalog; path = Assets.xcassets; sourceTree = "<group>"; };
		F19C1D651B35F039002522F2 /* Base */ = {isa = PBXFileReference; lastKnownFileType = file.storyboard; name = Base; path = Base.lproj/LaunchScreen.storyboard; sourceTree = "<group>"; };
		F19C1D671B35F039002522F2 /* Info.plist */ = {isa = PBXFileReference; lastKnownFileType = text.plist.xml; path = Info.plist; sourceTree = "<group>"; };
		F19C1D6C1B35F039002522F2 /* CircloneTests.xctest */ = {isa = PBXFileReference; explicitFileType = wrapper.cfbundle; includeInIndex = 0; path = CircloneTests.xctest; sourceTree = BUILT_PRODUCTS_DIR; };
		F19C1D701B35F039002522F2 /* CircloneTests.swift */ = {isa = PBXFileReference; lastKnownFileType = sourcecode.swift; path = CircloneTests.swift; sourceTree = "<group>"; };
		F19C1D721B35F039002522F2 /* Info.plist */ = {isa = PBXFileReference; lastKnownFileType = text.plist.xml; path = Info.plist; sourceTree = "<group>"; };
		F19C1D771B35F039002522F2 /* CircloneUITests.xctest */ = {isa = PBXFileReference; explicitFileType = wrapper.cfbundle; includeInIndex = 0; path = CircloneUITests.xctest; sourceTree = BUILT_PRODUCTS_DIR; };
		F19C1D7B1B35F039002522F2 /* CircloneUITests.swift */ = {isa = PBXFileReference; lastKnownFileType = sourcecode.swift; path = CircloneUITests.swift; sourceTree = "<group>"; };
		F19C1D7D1B35F039002522F2 /* Info.plist */ = {isa = PBXFileReference; lastKnownFileType = text.plist.xml; path = Info.plist; sourceTree = "<group>"; };
		F19C1D8D1B35F24D002522F2 /* Circlone.playground */ = {isa = PBXFileReference; lastKnownFileType = file.playground; path = Circlone.playground; sourceTree = "<group>"; };
		F1DE05401B54440B00ACF5AD /* CircleView.swift */ = {isa = PBXFileReference; fileEncoding = 4; lastKnownFileType = sourcecode.swift; path = CircleView.swift; sourceTree = "<group>"; };
		F1EC81211CB92FA800DA311A /* DynamicColor+Deriving.swift */ = {isa = PBXFileReference; fileEncoding = 4; lastKnownFileType = sourcecode.swift; path = "DynamicColor+Deriving.swift"; sourceTree = "<group>"; };
		F1EC81221CB92FA800DA311A /* DynamicColor+RGBA.swift */ = {isa = PBXFileReference; fileEncoding = 4; lastKnownFileType = sourcecode.swift; path = "DynamicColor+RGBA.swift"; sourceTree = "<group>"; };
		F1EC81231CB92FA800DA311A /* DynamicColor.swift */ = {isa = PBXFileReference; fileEncoding = 4; lastKnownFileType = sourcecode.swift; path = DynamicColor.swift; sourceTree = "<group>"; };
		F1EC81241CB92FA800DA311A /* HSL.swift */ = {isa = PBXFileReference; fileEncoding = 4; lastKnownFileType = sourcecode.swift; path = HSL.swift; sourceTree = "<group>"; };
		F1FF49A51D5E0B12000F744A /* NodeTests.swift */ = {isa = PBXFileReference; fileEncoding = 4; lastKnownFileType = sourcecode.swift; path = NodeTests.swift; sourceTree = "<group>"; };
		F1FF49A71D5E0B1E000F744A /* CGRectTests.swift */ = {isa = PBXFileReference; fileEncoding = 4; lastKnownFileType = sourcecode.swift; path = CGRectTests.swift; sourceTree = "<group>"; };
		F1FF49A91D5E0D04000F744A /* Storage+SVG.swift */ = {isa = PBXFileReference; fileEncoding = 4; lastKnownFileType = sourcecode.swift; path = "Storage+SVG.swift"; sourceTree = "<group>"; };
		F1FF49AB1D5E139A000F744A /* Circle+Comparable.swift */ = {isa = PBXFileReference; fileEncoding = 4; lastKnownFileType = sourcecode.swift; path = "Circle+Comparable.swift"; sourceTree = "<group>"; };
		F1FF49AD1D5E13FD000F744A /* Circle+Collision.swift */ = {isa = PBXFileReference; fileEncoding = 4; lastKnownFileType = sourcecode.swift; path = "Circle+Collision.swift"; sourceTree = "<group>"; };
		F1FF49AF1D5E1625000F744A /* CollectionType+BinarySearch.swift */ = {isa = PBXFileReference; fileEncoding = 4; lastKnownFileType = sourcecode.swift; path = "CollectionType+BinarySearch.swift"; sourceTree = "<group>"; };
		F1FF49B11D5E1863000F744A /* HatcheryDelegate.swift */ = {isa = PBXFileReference; fileEncoding = 4; lastKnownFileType = sourcecode.swift; path = HatcheryDelegate.swift; sourceTree = "<group>"; };
		F1FF49B31D5E1D53000F744A /* CircleTests.swift */ = {isa = PBXFileReference; fileEncoding = 4; lastKnownFileType = sourcecode.swift; path = CircleTests.swift; sourceTree = "<group>"; };
		F1FF49B51D5E2963000F744A /* CirclesWatcher.swift */ = {isa = PBXFileReference; fileEncoding = 4; lastKnownFileType = sourcecode.swift; path = CirclesWatcher.swift; sourceTree = "<group>"; };
/* End PBXFileReference section */

/* Begin PBXFrameworksBuildPhase section */
		F18C86F31D36BCDB0021F729 /* Frameworks */ = {
			isa = PBXFrameworksBuildPhase;
			buildActionMask = 2147483647;
			files = (
			);
			runOnlyForDeploymentPostprocessing = 0;
		};
		F18C86FD1D36BCDB0021F729 /* Frameworks */ = {
			isa = PBXFrameworksBuildPhase;
			buildActionMask = 2147483647;
			files = (
				F18C87011D36BCDB0021F729 /* Hatching.framework in Frameworks */,
			);
			runOnlyForDeploymentPostprocessing = 0;
		};
		F18C87321D36C36C0021F729 /* Frameworks */ = {
			isa = PBXFrameworksBuildPhase;
			buildActionMask = 2147483647;
			files = (
				F18C876F1D36C4350021F729 /* Hatching.framework in Frameworks */,
			);
			runOnlyForDeploymentPostprocessing = 0;
		};
		F18C87421D36C36C0021F729 /* Frameworks */ = {
			isa = PBXFrameworksBuildPhase;
			buildActionMask = 2147483647;
			files = (
			);
			runOnlyForDeploymentPostprocessing = 0;
		};
		F18C87561D36C4340021F729 /* Frameworks */ = {
			isa = PBXFrameworksBuildPhase;
			buildActionMask = 2147483647;
			files = (
			);
			runOnlyForDeploymentPostprocessing = 0;
		};
		F18C87601D36C4340021F729 /* Frameworks */ = {
			isa = PBXFrameworksBuildPhase;
			buildActionMask = 2147483647;
			files = (
				F18C87641D36C4350021F729 /* Hatching.framework in Frameworks */,
			);
			runOnlyForDeploymentPostprocessing = 0;
		};
		F19C1D551B35F039002522F2 /* Frameworks */ = {
			isa = PBXFrameworksBuildPhase;
			buildActionMask = 2147483647;
			files = (
				F18C870C1D36BCDB0021F729 /* Hatching.framework in Frameworks */,
			);
			runOnlyForDeploymentPostprocessing = 0;
		};
		F19C1D691B35F039002522F2 /* Frameworks */ = {
			isa = PBXFrameworksBuildPhase;
			buildActionMask = 2147483647;
			files = (
			);
			runOnlyForDeploymentPostprocessing = 0;
		};
		F19C1D741B35F039002522F2 /* Frameworks */ = {
			isa = PBXFrameworksBuildPhase;
			buildActionMask = 2147483647;
			files = (
			);
			runOnlyForDeploymentPostprocessing = 0;
		};
/* End PBXFrameworksBuildPhase section */

/* Begin PBXGroup section */
		F124582C1CB1706500872D55 /* External */ = {
			isa = PBXGroup;
			children = (
				F1EC80E41CB92FA800DA311A /* DynamicColor */,
			);
			path = External;
			sourceTree = "<group>";
		};
		F18C86F81D36BCDB0021F729 /* Hatching */ = {
			isa = PBXGroup;
			children = (
				F18C87271D36BD5B0021F729 /* Viewport.swift */,
				F18C87211D36BD5B0021F729 /* Circle.swift */,
				F1FF49AB1D5E139A000F744A /* Circle+Comparable.swift */,
				F1FF49AD1D5E13FD000F744A /* Circle+Collision.swift */,
				F18C87221D36BD5B0021F729 /* Hatchery.swift */,
				F1FF49B11D5E1863000F744A /* HatcheryDelegate.swift */,
				F18C87231D36BD5B0021F729 /* Node.swift */,
				F18C87241D36BD5B0021F729 /* RandomGenerator.swift */,
				F18C87251D36BD5B0021F729 /* Storage.swift */,
				F1FF49AF1D5E1625000F744A /* CollectionType+BinarySearch.swift */,
				F18C872F1D36BE430021F729 /* CGRect+Helpers.swift */,
				F18C86F91D36BCDB0021F729 /* Hatching.h */,
				F18C86FB1D36BCDB0021F729 /* Info.plist */,
			);
			path = Hatching;
			sourceTree = "<group>";
		};
		F18C87061D36BCDB0021F729 /* HatchingTests */ = {
			isa = PBXGroup;
			children = (
				F1FF49A71D5E0B1E000F744A /* CGRectTests.swift */,
				F1FF49A51D5E0B12000F744A /* NodeTests.swift */,
				F1FF49B31D5E1D53000F744A /* CircleTests.swift */,
				F18C87091D36BCDB0021F729 /* Info.plist */,
			);
			path = HatchingTests;
			sourceTree = "<group>";
		};
		F18C87361D36C36C0021F729 /* HeadlessGenerator */ = {
			isa = PBXGroup;
			children = (
				F18C87371D36C36C0021F729 /* AppDelegate.swift */,
				F18C87391D36C36C0021F729 /* ViewController.swift */,
				F1FF49A91D5E0D04000F744A /* Storage+SVG.swift */,
				F18C873B1D36C36C0021F729 /* Assets.xcassets */,
				F18C873D1D36C36C0021F729 /* Main.storyboard */,
				F18C87401D36C36C0021F729 /* Info.plist */,
			);
			path = HeadlessGenerator;
			sourceTree = "<group>";
		};
		F18C87481D36C36C0021F729 /* HeadlessGeneratorTests */ = {
			isa = PBXGroup;
			children = (
				F18C87491D36C36C0021F729 /* HeadlessGeneratorTests.swift */,
				F18C874B1D36C36C0021F729 /* Info.plist */,
			);
			path = HeadlessGeneratorTests;
			sourceTree = "<group>";
		};
		F18C875B1D36C4340021F729 /* Hatching Mac */ = {
			isa = PBXGroup;
			children = (
				F18C875C1D36C4340021F729 /* Hatching Mac.h */,
				F18C875E1D36C4340021F729 /* Info.plist */,
			);
			path = "Hatching Mac";
			sourceTree = "<group>";
		};
		F18C87691D36C4350021F729 /* Hatching MacTests */ = {
			isa = PBXGroup;
			children = (
				F18C876A1D36C4350021F729 /* Hatching_MacTests.swift */,
				F18C876C1D36C4350021F729 /* Info.plist */,
			);
			path = "Hatching MacTests";
			sourceTree = "<group>";
		};
		F19C1D4F1B35F038002522F2 = {
			isa = PBXGroup;
			children = (
				F19C1D8D1B35F24D002522F2 /* Circlone.playground */,
				F19C1D5A1B35F039002522F2 /* Circlone */,
				F19C1D6F1B35F039002522F2 /* CircloneTests */,
				F19C1D7A1B35F039002522F2 /* CircloneUITests */,
				F18C86F81D36BCDB0021F729 /* Hatching */,
				F18C87061D36BCDB0021F729 /* HatchingTests */,
				F18C87361D36C36C0021F729 /* HeadlessGenerator */,
				F18C87481D36C36C0021F729 /* HeadlessGeneratorTests */,
				F18C875B1D36C4340021F729 /* Hatching Mac */,
				F18C87691D36C4350021F729 /* Hatching MacTests */,
				F19C1D591B35F039002522F2 /* Products */,
			);
			sourceTree = "<group>";
		};
		F19C1D591B35F039002522F2 /* Products */ = {
			isa = PBXGroup;
			children = (
				F19C1D581B35F039002522F2 /* Circlone.app */,
				F19C1D6C1B35F039002522F2 /* CircloneTests.xctest */,
				F19C1D771B35F039002522F2 /* CircloneUITests.xctest */,
				F18C86F71D36BCDB0021F729 /* Hatching.framework */,
				F18C87001D36BCDB0021F729 /* HatchingTests.xctest */,
				F18C87351D36C36C0021F729 /* HeadlessGenerator.app */,
				F18C87451D36C36C0021F729 /* HeadlessGeneratorTests.xctest */,
				F18C875A1D36C4340021F729 /* Hatching.framework */,
				F18C87631D36C4340021F729 /* Hatching.xctest */,
			);
			name = Products;
			sourceTree = "<group>";
		};
		F19C1D5A1B35F039002522F2 /* Circlone */ = {
			isa = PBXGroup;
			children = (
				F124582C1CB1706500872D55 /* External */,
				F18C87161D36BD3E0021F729 /* Circle+NormalizedRadius.swift */,
				F19C1D5B1B35F039002522F2 /* AppDelegate.swift */,
				F19C1D5D1B35F039002522F2 /* ViewController.swift */,
				F1FF49B51D5E2963000F744A /* CirclesWatcher.swift */,
				F124672C1D0B3D6F002A8325 /* ColorScheme.swift */,
				F12458311CB175AD00872D55 /* Subscriber.swift */,
				F1DE05401B54440B00ACF5AD /* CircleView.swift */,
				F19C1D5F1B35F039002522F2 /* Main.storyboard */,
				F19C1D621B35F039002522F2 /* Assets.xcassets */,
				F19C1D641B35F039002522F2 /* LaunchScreen.storyboard */,
				F19C1D671B35F039002522F2 /* Info.plist */,
			);
			path = Circlone;
			sourceTree = "<group>";
		};
		F19C1D6F1B35F039002522F2 /* CircloneTests */ = {
			isa = PBXGroup;
			children = (
				F19C1D701B35F039002522F2 /* CircloneTests.swift */,
				F19C1D721B35F039002522F2 /* Info.plist */,
			);
			path = CircloneTests;
			sourceTree = "<group>";
		};
		F19C1D7A1B35F039002522F2 /* CircloneUITests */ = {
			isa = PBXGroup;
			children = (
				F12467301D0DBDBD002A8325 /* SnapshotHelper.swift */,
				F19C1D7B1B35F039002522F2 /* CircloneUITests.swift */,
				F19C1D7D1B35F039002522F2 /* Info.plist */,
			);
			path = CircloneUITests;
			sourceTree = "<group>";
		};
		F1EC80E41CB92FA800DA311A /* DynamicColor */ = {
			isa = PBXGroup;
			children = (
				F1EC81201CB92FA800DA311A /* Sources */,
			);
			path = DynamicColor;
			sourceTree = "<group>";
		};
		F1EC81201CB92FA800DA311A /* Sources */ = {
			isa = PBXGroup;
			children = (
				F1EC81211CB92FA800DA311A /* DynamicColor+Deriving.swift */,
				F1EC81221CB92FA800DA311A /* DynamicColor+RGBA.swift */,
				F1EC81231CB92FA800DA311A /* DynamicColor.swift */,
				F1EC81241CB92FA800DA311A /* HSL.swift */,
			);
			path = Sources;
			sourceTree = "<group>";
		};
/* End PBXGroup section */

/* Begin PBXHeadersBuildPhase section */
		F18C86F41D36BCDB0021F729 /* Headers */ = {
			isa = PBXHeadersBuildPhase;
			buildActionMask = 2147483647;
			files = (
				F18C86FA1D36BCDB0021F729 /* Hatching.h in Headers */,
			);
			runOnlyForDeploymentPostprocessing = 0;
		};
		F18C87571D36C4340021F729 /* Headers */ = {
			isa = PBXHeadersBuildPhase;
			buildActionMask = 2147483647;
			files = (
				F18C875D1D36C4340021F729 /* Hatching Mac.h in Headers */,
			);
			runOnlyForDeploymentPostprocessing = 0;
		};
/* End PBXHeadersBuildPhase section */

/* Begin PBXNativeTarget section */
		F18C86F61D36BCDB0021F729 /* Hatching */ = {
			isa = PBXNativeTarget;
			buildConfigurationList = F18C87121D36BCDB0021F729 /* Build configuration list for PBXNativeTarget "Hatching" */;
			buildPhases = (
				F18C86F21D36BCDB0021F729 /* Sources */,
				F18C86F31D36BCDB0021F729 /* Frameworks */,
				F18C86F41D36BCDB0021F729 /* Headers */,
				F18C86F51D36BCDB0021F729 /* Resources */,
			);
			buildRules = (
			);
			dependencies = (
			);
			name = Hatching;
			productName = Hatching;
			productReference = F18C86F71D36BCDB0021F729 /* Hatching.framework */;
			productType = "com.apple.product-type.framework";
		};
		F18C86FF1D36BCDB0021F729 /* HatchingTests */ = {
			isa = PBXNativeTarget;
			buildConfigurationList = F18C87141D36BCDB0021F729 /* Build configuration list for PBXNativeTarget "HatchingTests" */;
			buildPhases = (
				F18C86FC1D36BCDB0021F729 /* Sources */,
				F18C86FD1D36BCDB0021F729 /* Frameworks */,
				F18C86FE1D36BCDB0021F729 /* Resources */,
			);
			buildRules = (
			);
			dependencies = (
				F18C87031D36BCDB0021F729 /* PBXTargetDependency */,
				F18C87051D36BCDB0021F729 /* PBXTargetDependency */,
			);
			name = HatchingTests;
			productName = HatchingTests;
			productReference = F18C87001D36BCDB0021F729 /* HatchingTests.xctest */;
			productType = "com.apple.product-type.bundle.unit-test";
		};
		F18C87341D36C36C0021F729 /* HeadlessGenerator */ = {
			isa = PBXNativeTarget;
			buildConfigurationList = F18C874C1D36C36C0021F729 /* Build configuration list for PBXNativeTarget "HeadlessGenerator" */;
			buildPhases = (
				F18C87311D36C36C0021F729 /* Sources */,
				F18C87321D36C36C0021F729 /* Frameworks */,
				F18C87331D36C36C0021F729 /* Resources */,
				F18C87741D36C4350021F729 /* Embed Frameworks */,
			);
			buildRules = (
			);
			dependencies = (
				F18C876E1D36C4350021F729 /* PBXTargetDependency */,
			);
			name = HeadlessGenerator;
			productName = HeadlessGenerator;
			productReference = F18C87351D36C36C0021F729 /* HeadlessGenerator.app */;
			productType = "com.apple.product-type.application";
		};
		F18C87441D36C36C0021F729 /* HeadlessGeneratorTests */ = {
			isa = PBXNativeTarget;
			buildConfigurationList = F18C874F1D36C36C0021F729 /* Build configuration list for PBXNativeTarget "HeadlessGeneratorTests" */;
			buildPhases = (
				F18C87411D36C36C0021F729 /* Sources */,
				F18C87421D36C36C0021F729 /* Frameworks */,
				F18C87431D36C36C0021F729 /* Resources */,
			);
			buildRules = (
			);
			dependencies = (
				F18C87471D36C36C0021F729 /* PBXTargetDependency */,
			);
			name = HeadlessGeneratorTests;
			productName = HeadlessGeneratorTests;
			productReference = F18C87451D36C36C0021F729 /* HeadlessGeneratorTests.xctest */;
			productType = "com.apple.product-type.bundle.unit-test";
		};
		F18C87591D36C4340021F729 /* Hatching Mac */ = {
			isa = PBXNativeTarget;
			buildConfigurationList = F18C87711D36C4350021F729 /* Build configuration list for PBXNativeTarget "Hatching Mac" */;
			buildPhases = (
				F18C87551D36C4340021F729 /* Sources */,
				F18C87561D36C4340021F729 /* Frameworks */,
				F18C87571D36C4340021F729 /* Headers */,
				F18C87581D36C4340021F729 /* Resources */,
			);
			buildRules = (
			);
			dependencies = (
			);
			name = "Hatching Mac";
			productName = "Hatching Mac";
			productReference = F18C875A1D36C4340021F729 /* Hatching.framework */;
			productType = "com.apple.product-type.framework";
		};
		F18C87621D36C4340021F729 /* Hatching MacTests */ = {
			isa = PBXNativeTarget;
			buildConfigurationList = F18C87751D36C4350021F729 /* Build configuration list for PBXNativeTarget "Hatching MacTests" */;
			buildPhases = (
				F18C875F1D36C4340021F729 /* Sources */,
				F18C87601D36C4340021F729 /* Frameworks */,
				F18C87611D36C4340021F729 /* Resources */,
			);
			buildRules = (
			);
			dependencies = (
				F18C87661D36C4350021F729 /* PBXTargetDependency */,
				F18C87681D36C4350021F729 /* PBXTargetDependency */,
			);
			name = "Hatching MacTests";
			productName = "Hatching MacTests";
			productReference = F18C87631D36C4340021F729 /* Hatching.xctest */;
			productType = "com.apple.product-type.bundle.unit-test";
		};
		F19C1D571B35F039002522F2 /* Circlone */ = {
			isa = PBXNativeTarget;
			buildConfigurationList = F19C1D801B35F039002522F2 /* Build configuration list for PBXNativeTarget "Circlone" */;
			buildPhases = (
				F19C1D541B35F039002522F2 /* Sources */,
				F19C1D551B35F039002522F2 /* Frameworks */,
				F19C1D561B35F039002522F2 /* Resources */,
				F18C87131D36BCDB0021F729 /* Embed Frameworks */,
			);
			buildRules = (
			);
			dependencies = (
				F18C870B1D36BCDB0021F729 /* PBXTargetDependency */,
			);
			name = Circlone;
			productName = Circlone;
			productReference = F19C1D581B35F039002522F2 /* Circlone.app */;
			productType = "com.apple.product-type.application";
		};
		F19C1D6B1B35F039002522F2 /* CircloneTests */ = {
			isa = PBXNativeTarget;
			buildConfigurationList = F19C1D831B35F039002522F2 /* Build configuration list for PBXNativeTarget "CircloneTests" */;
			buildPhases = (
				F19C1D681B35F039002522F2 /* Sources */,
				F19C1D691B35F039002522F2 /* Frameworks */,
				F19C1D6A1B35F039002522F2 /* Resources */,
			);
			buildRules = (
			);
			dependencies = (
				F19C1D6E1B35F039002522F2 /* PBXTargetDependency */,
			);
			name = CircloneTests;
			productName = CircloneTests;
			productReference = F19C1D6C1B35F039002522F2 /* CircloneTests.xctest */;
			productType = "com.apple.product-type.bundle.unit-test";
		};
		F19C1D761B35F039002522F2 /* CircloneUITests */ = {
			isa = PBXNativeTarget;
			buildConfigurationList = F19C1D861B35F039002522F2 /* Build configuration list for PBXNativeTarget "CircloneUITests" */;
			buildPhases = (
				F19C1D731B35F039002522F2 /* Sources */,
				F19C1D741B35F039002522F2 /* Frameworks */,
				F19C1D751B35F039002522F2 /* Resources */,
			);
			buildRules = (
			);
			dependencies = (
				F19C1D791B35F039002522F2 /* PBXTargetDependency */,
			);
			name = CircloneUITests;
			productName = CircloneUITests;
			productReference = F19C1D771B35F039002522F2 /* CircloneUITests.xctest */;
			productType = "com.apple.product-type.bundle.ui-testing";
		};
/* End PBXNativeTarget section */

/* Begin PBXProject section */
		F19C1D501B35F038002522F2 /* Project object */ = {
			isa = PBXProject;
			attributes = {
				LastSwiftUpdateCheck = 0730;
				LastUpgradeCheck = 0700;
				ORGANIZATIONNAME = "🗿";
				TargetAttributes = {
					F18C86F61D36BCDB0021F729 = {
						CreatedOnToolsVersion = 7.3.1;
					};
					F18C86FF1D36BCDB0021F729 = {
						CreatedOnToolsVersion = 7.3.1;
						TestTargetID = F19C1D571B35F039002522F2;
					};
					F18C87341D36C36C0021F729 = {
						CreatedOnToolsVersion = 7.3.1;
						LastSwiftMigration = 0820;
					};
					F18C87441D36C36C0021F729 = {
						CreatedOnToolsVersion = 7.3.1;
						LastSwiftMigration = 0820;
						TestTargetID = F18C87341D36C36C0021F729;
					};
					F18C87591D36C4340021F729 = {
						CreatedOnToolsVersion = 7.3.1;
						LastSwiftMigration = 0820;
					};
					F18C87621D36C4340021F729 = {
						CreatedOnToolsVersion = 7.3.1;
						LastSwiftMigration = 0820;
						TestTargetID = F18C87341D36C36C0021F729;
					};
					F19C1D571B35F039002522F2 = {
						CreatedOnToolsVersion = 7.0;
					};
					F19C1D6B1B35F039002522F2 = {
						CreatedOnToolsVersion = 7.0;
						TestTargetID = F19C1D571B35F039002522F2;
					};
					F19C1D761B35F039002522F2 = {
						CreatedOnToolsVersion = 7.0;
						TestTargetID = F19C1D571B35F039002522F2;
					};
				};
			};
			buildConfigurationList = F19C1D531B35F038002522F2 /* Build configuration list for PBXProject "Circlone" */;
			compatibilityVersion = "Xcode 3.2";
			developmentRegion = English;
			hasScannedForEncodings = 0;
			knownRegions = (
				en,
				Base,
			);
			mainGroup = F19C1D4F1B35F038002522F2;
			productRefGroup = F19C1D591B35F039002522F2 /* Products */;
			projectDirPath = "";
			projectRoot = "";
			targets = (
				F19C1D571B35F039002522F2 /* Circlone */,
				F19C1D6B1B35F039002522F2 /* CircloneTests */,
				F19C1D761B35F039002522F2 /* CircloneUITests */,
				F18C86F61D36BCDB0021F729 /* Hatching */,
				F18C86FF1D36BCDB0021F729 /* HatchingTests */,
				F18C87341D36C36C0021F729 /* HeadlessGenerator */,
				F18C87441D36C36C0021F729 /* HeadlessGeneratorTests */,
				F18C87591D36C4340021F729 /* Hatching Mac */,
				F18C87621D36C4340021F729 /* Hatching MacTests */,
			);
		};
/* End PBXProject section */

/* Begin PBXResourcesBuildPhase section */
		F18C86F51D36BCDB0021F729 /* Resources */ = {
			isa = PBXResourcesBuildPhase;
			buildActionMask = 2147483647;
			files = (
			);
			runOnlyForDeploymentPostprocessing = 0;
		};
		F18C86FE1D36BCDB0021F729 /* Resources */ = {
			isa = PBXResourcesBuildPhase;
			buildActionMask = 2147483647;
			files = (
			);
			runOnlyForDeploymentPostprocessing = 0;
		};
		F18C87331D36C36C0021F729 /* Resources */ = {
			isa = PBXResourcesBuildPhase;
			buildActionMask = 2147483647;
			files = (
				F18C873C1D36C36C0021F729 /* Assets.xcassets in Resources */,
				F18C873F1D36C36C0021F729 /* Main.storyboard in Resources */,
			);
			runOnlyForDeploymentPostprocessing = 0;
		};
		F18C87431D36C36C0021F729 /* Resources */ = {
			isa = PBXResourcesBuildPhase;
			buildActionMask = 2147483647;
			files = (
			);
			runOnlyForDeploymentPostprocessing = 0;
		};
		F18C87581D36C4340021F729 /* Resources */ = {
			isa = PBXResourcesBuildPhase;
			buildActionMask = 2147483647;
			files = (
			);
			runOnlyForDeploymentPostprocessing = 0;
		};
		F18C87611D36C4340021F729 /* Resources */ = {
			isa = PBXResourcesBuildPhase;
			buildActionMask = 2147483647;
			files = (
			);
			runOnlyForDeploymentPostprocessing = 0;
		};
		F19C1D561B35F039002522F2 /* Resources */ = {
			isa = PBXResourcesBuildPhase;
			buildActionMask = 2147483647;
			files = (
				F19C1D661B35F039002522F2 /* LaunchScreen.storyboard in Resources */,
				F19C1D631B35F039002522F2 /* Assets.xcassets in Resources */,
				F19C1D611B35F039002522F2 /* Main.storyboard in Resources */,
			);
			runOnlyForDeploymentPostprocessing = 0;
		};
		F19C1D6A1B35F039002522F2 /* Resources */ = {
			isa = PBXResourcesBuildPhase;
			buildActionMask = 2147483647;
			files = (
			);
			runOnlyForDeploymentPostprocessing = 0;
		};
		F19C1D751B35F039002522F2 /* Resources */ = {
			isa = PBXResourcesBuildPhase;
			buildActionMask = 2147483647;
			files = (
			);
			runOnlyForDeploymentPostprocessing = 0;
		};
/* End PBXResourcesBuildPhase section */

/* Begin PBXSourcesBuildPhase section */
		F18C86F21D36BCDB0021F729 /* Sources */ = {
			isa = PBXSourcesBuildPhase;
			buildActionMask = 2147483647;
			files = (
				F1FF49AE1D5E13FD000F744A /* Circle+Collision.swift in Sources */,
				F18C872B1D36BD5B0021F729 /* RandomGenerator.swift in Sources */,
				F1FF49B01D5E1625000F744A /* CollectionType+BinarySearch.swift in Sources */,
				F18C872A1D36BD5B0021F729 /* Node.swift in Sources */,
				F18C87281D36BD5B0021F729 /* Circle.swift in Sources */,
				F18C872E1D36BD5B0021F729 /* Viewport.swift in Sources */,
				F18C87301D36BE430021F729 /* CGRect+Helpers.swift in Sources */,
				F1FF49AC1D5E139A000F744A /* Circle+Comparable.swift in Sources */,
				F18C87291D36BD5B0021F729 /* Hatchery.swift in Sources */,
				F1FF49B21D5E1863000F744A /* HatcheryDelegate.swift in Sources */,
				F18C872C1D36BD5B0021F729 /* Storage.swift in Sources */,
			);
			runOnlyForDeploymentPostprocessing = 0;
		};
		F18C86FC1D36BCDB0021F729 /* Sources */ = {
			isa = PBXSourcesBuildPhase;
			buildActionMask = 2147483647;
			files = (
				F1FF49A61D5E0B12000F744A /* NodeTests.swift in Sources */,
				F1FF49B41D5E1D53000F744A /* CircleTests.swift in Sources */,
				F1FF49A81D5E0B1E000F744A /* CGRectTests.swift in Sources */,
			);
			runOnlyForDeploymentPostprocessing = 0;
		};
		F18C87311D36C36C0021F729 /* Sources */ = {
			isa = PBXSourcesBuildPhase;
			buildActionMask = 2147483647;
			files = (
				F1FF49AA1D5E0D04000F744A /* Storage+SVG.swift in Sources */,
				F18C873A1D36C36C0021F729 /* ViewController.swift in Sources */,
				F18C87381D36C36C0021F729 /* AppDelegate.swift in Sources */,
			);
			runOnlyForDeploymentPostprocessing = 0;
		};
		F18C87411D36C36C0021F729 /* Sources */ = {
			isa = PBXSourcesBuildPhase;
			buildActionMask = 2147483647;
			files = (
				F18C874A1D36C36C0021F729 /* HeadlessGeneratorTests.swift in Sources */,
			);
			runOnlyForDeploymentPostprocessing = 0;
		};
		F18C87551D36C4340021F729 /* Sources */ = {
			isa = PBXSourcesBuildPhase;
			buildActionMask = 2147483647;
			files = (
				F18C877B1D36C4950021F729 /* RandomGenerator.swift in Sources */,
				F18C87781D36C4950021F729 /* Circle.swift in Sources */,
				F18C87791D36C4950021F729 /* Node.swift in Sources */,
				F18C877D1D36C4950021F729 /* Viewport.swift in Sources */,
				F18C877E1D36C4950021F729 /* CGRect+Helpers.swift in Sources */,
				F18C877A1D36C4950021F729 /* Hatchery.swift in Sources */,
				F18C877C1D36C4950021F729 /* Storage.swift in Sources */,
			);
			runOnlyForDeploymentPostprocessing = 0;
		};
		F18C875F1D36C4340021F729 /* Sources */ = {
			isa = PBXSourcesBuildPhase;
			buildActionMask = 2147483647;
			files = (
				F18C876B1D36C4350021F729 /* Hatching_MacTests.swift in Sources */,
			);
			runOnlyForDeploymentPostprocessing = 0;
		};
		F19C1D541B35F039002522F2 /* Sources */ = {
			isa = PBXSourcesBuildPhase;
			buildActionMask = 2147483647;
			files = (
				F1DE05411B54440B00ACF5AD /* CircleView.swift in Sources */,
				F12458321CB175AD00872D55 /* Subscriber.swift in Sources */,
				F1FF49B61D5E2963000F744A /* CirclesWatcher.swift in Sources */,
				F19C1D5E1B35F039002522F2 /* ViewController.swift in Sources */,
				F1EC814D1CB92FA800DA311A /* DynamicColor+Deriving.swift in Sources */,
				F1EC81501CB92FA800DA311A /* HSL.swift in Sources */,
				F19C1D5C1B35F039002522F2 /* AppDelegate.swift in Sources */,
				F1EC814F1CB92FA800DA311A /* DynamicColor.swift in Sources */,
				F18C871C1D36BD3E0021F729 /* Circle+NormalizedRadius.swift in Sources */,
				F1EC814E1CB92FA800DA311A /* DynamicColor+RGBA.swift in Sources */,
				F124672D1D0B3D6F002A8325 /* ColorScheme.swift in Sources */,
			);
			runOnlyForDeploymentPostprocessing = 0;
		};
		F19C1D681B35F039002522F2 /* Sources */ = {
			isa = PBXSourcesBuildPhase;
			buildActionMask = 2147483647;
			files = (
				F19C1D711B35F039002522F2 /* CircloneTests.swift in Sources */,
			);
			runOnlyForDeploymentPostprocessing = 0;
		};
		F19C1D731B35F039002522F2 /* Sources */ = {
			isa = PBXSourcesBuildPhase;
			buildActionMask = 2147483647;
			files = (
				F12467311D0DBDBD002A8325 /* SnapshotHelper.swift in Sources */,
				F19C1D7C1B35F039002522F2 /* CircloneUITests.swift in Sources */,
			);
			runOnlyForDeploymentPostprocessing = 0;
		};
/* End PBXSourcesBuildPhase section */

/* Begin PBXTargetDependency section */
		F18C87031D36BCDB0021F729 /* PBXTargetDependency */ = {
			isa = PBXTargetDependency;
			target = F18C86F61D36BCDB0021F729 /* Hatching */;
			targetProxy = F18C87021D36BCDB0021F729 /* PBXContainerItemProxy */;
		};
		F18C87051D36BCDB0021F729 /* PBXTargetDependency */ = {
			isa = PBXTargetDependency;
			target = F19C1D571B35F039002522F2 /* Circlone */;
			targetProxy = F18C87041D36BCDB0021F729 /* PBXContainerItemProxy */;
		};
		F18C870B1D36BCDB0021F729 /* PBXTargetDependency */ = {
			isa = PBXTargetDependency;
			target = F18C86F61D36BCDB0021F729 /* Hatching */;
			targetProxy = F18C870A1D36BCDB0021F729 /* PBXContainerItemProxy */;
		};
		F18C87471D36C36C0021F729 /* PBXTargetDependency */ = {
			isa = PBXTargetDependency;
			target = F18C87341D36C36C0021F729 /* HeadlessGenerator */;
			targetProxy = F18C87461D36C36C0021F729 /* PBXContainerItemProxy */;
		};
		F18C87661D36C4350021F729 /* PBXTargetDependency */ = {
			isa = PBXTargetDependency;
			target = F18C87591D36C4340021F729 /* Hatching Mac */;
			targetProxy = F18C87651D36C4350021F729 /* PBXContainerItemProxy */;
		};
		F18C87681D36C4350021F729 /* PBXTargetDependency */ = {
			isa = PBXTargetDependency;
			target = F18C87341D36C36C0021F729 /* HeadlessGenerator */;
			targetProxy = F18C87671D36C4350021F729 /* PBXContainerItemProxy */;
		};
		F18C876E1D36C4350021F729 /* PBXTargetDependency */ = {
			isa = PBXTargetDependency;
			target = F18C87591D36C4340021F729 /* Hatching Mac */;
			targetProxy = F18C876D1D36C4350021F729 /* PBXContainerItemProxy */;
		};
		F19C1D6E1B35F039002522F2 /* PBXTargetDependency */ = {
			isa = PBXTargetDependency;
			target = F19C1D571B35F039002522F2 /* Circlone */;
			targetProxy = F19C1D6D1B35F039002522F2 /* PBXContainerItemProxy */;
		};
		F19C1D791B35F039002522F2 /* PBXTargetDependency */ = {
			isa = PBXTargetDependency;
			target = F19C1D571B35F039002522F2 /* Circlone */;
			targetProxy = F19C1D781B35F039002522F2 /* PBXContainerItemProxy */;
		};
/* End PBXTargetDependency section */

/* Begin PBXVariantGroup section */
		F18C873D1D36C36C0021F729 /* Main.storyboard */ = {
			isa = PBXVariantGroup;
			children = (
				F18C873E1D36C36C0021F729 /* Base */,
			);
			name = Main.storyboard;
			sourceTree = "<group>";
		};
		F19C1D5F1B35F039002522F2 /* Main.storyboard */ = {
			isa = PBXVariantGroup;
			children = (
				F19C1D601B35F039002522F2 /* Base */,
			);
			name = Main.storyboard;
			sourceTree = "<group>";
		};
		F19C1D641B35F039002522F2 /* LaunchScreen.storyboard */ = {
			isa = PBXVariantGroup;
			children = (
				F19C1D651B35F039002522F2 /* Base */,
			);
			name = LaunchScreen.storyboard;
			sourceTree = "<group>";
		};
/* End PBXVariantGroup section */

/* Begin XCBuildConfiguration section */
		F18C870E1D36BCDB0021F729 /* Debug */ = {
			isa = XCBuildConfiguration;
			buildSettings = {
				APPLICATION_EXTENSION_API_ONLY = YES;
				CLANG_ANALYZER_NONNULL = YES;
				CLANG_ENABLE_MODULES = YES;
				CODE_SIGN_IDENTITY = "iPhone Developer";
				CURRENT_PROJECT_VERSION = 1;
				DEFINES_MODULE = YES;
				DYLIB_COMPATIBILITY_VERSION = 1;
				DYLIB_CURRENT_VERSION = 1;
				DYLIB_INSTALL_NAME_BASE = "@rpath";
				INFOPLIST_FILE = Hatching/Info.plist;
				INSTALL_PATH = "$(LOCAL_LIBRARY_DIR)/Frameworks";
				IPHONEOS_DEPLOYMENT_TARGET = 9.0;
				LD_RUNPATH_SEARCH_PATHS = "$(inherited) @executable_path/Frameworks @loader_path/Frameworks";
				PRODUCT_BUNDLE_IDENTIFIER = Vytis.Hatching;
				PRODUCT_NAME = "$(TARGET_NAME)";
				SKIP_INSTALL = YES;
				SWIFT_OPTIMIZATION_LEVEL = "-Onone";
				VERSIONING_SYSTEM = "apple-generic";
				VERSION_INFO_PREFIX = "";
			};
			name = Debug;
		};
		F18C870F1D36BCDB0021F729 /* Release */ = {
			isa = XCBuildConfiguration;
			buildSettings = {
				APPLICATION_EXTENSION_API_ONLY = YES;
				CLANG_ANALYZER_NONNULL = YES;
				CLANG_ENABLE_MODULES = YES;
				CODE_SIGN_IDENTITY = "iPhone Developer";
				CURRENT_PROJECT_VERSION = 1;
				DEFINES_MODULE = YES;
				DYLIB_COMPATIBILITY_VERSION = 1;
				DYLIB_CURRENT_VERSION = 1;
				DYLIB_INSTALL_NAME_BASE = "@rpath";
				INFOPLIST_FILE = Hatching/Info.plist;
				INSTALL_PATH = "$(LOCAL_LIBRARY_DIR)/Frameworks";
				IPHONEOS_DEPLOYMENT_TARGET = 9.0;
				LD_RUNPATH_SEARCH_PATHS = "$(inherited) @executable_path/Frameworks @loader_path/Frameworks";
				PRODUCT_BUNDLE_IDENTIFIER = Vytis.Hatching;
				PRODUCT_NAME = "$(TARGET_NAME)";
				SKIP_INSTALL = YES;
				SWIFT_OPTIMIZATION_LEVEL = "-Owholemodule";
				VERSIONING_SYSTEM = "apple-generic";
				VERSION_INFO_PREFIX = "";
			};
			name = Release;
		};
		F18C87101D36BCDB0021F729 /* Debug */ = {
			isa = XCBuildConfiguration;
			buildSettings = {
				CLANG_ANALYZER_NONNULL = YES;
				INFOPLIST_FILE = HatchingTests/Info.plist;
				IPHONEOS_DEPLOYMENT_TARGET = 9.3;
				LD_RUNPATH_SEARCH_PATHS = "$(inherited) @executable_path/Frameworks @loader_path/Frameworks";
				PRODUCT_BUNDLE_IDENTIFIER = Vytis.HatchingTests;
				PRODUCT_NAME = "$(TARGET_NAME)";
				TEST_HOST = "$(BUILT_PRODUCTS_DIR)/Circlone.app/Circlone";
			};
			name = Debug;
		};
		F18C87111D36BCDB0021F729 /* Release */ = {
			isa = XCBuildConfiguration;
			buildSettings = {
				CLANG_ANALYZER_NONNULL = YES;
				INFOPLIST_FILE = HatchingTests/Info.plist;
				IPHONEOS_DEPLOYMENT_TARGET = 9.3;
				LD_RUNPATH_SEARCH_PATHS = "$(inherited) @executable_path/Frameworks @loader_path/Frameworks";
				PRODUCT_BUNDLE_IDENTIFIER = Vytis.HatchingTests;
				PRODUCT_NAME = "$(TARGET_NAME)";
				TEST_HOST = "$(BUILT_PRODUCTS_DIR)/Circlone.app/Circlone";
			};
			name = Release;
		};
		F18C874D1D36C36C0021F729 /* Debug */ = {
			isa = XCBuildConfiguration;
			buildSettings = {
				ASSETCATALOG_COMPILER_APPICON_NAME = AppIcon;
				CLANG_ANALYZER_NONNULL = YES;
				CODE_SIGN_IDENTITY = "-";
				COMBINE_HIDPI_IMAGES = YES;
				EMBEDDED_CONTENT_CONTAINS_SWIFT = YES;
				INFOPLIST_FILE = HeadlessGenerator/Info.plist;
				LD_RUNPATH_SEARCH_PATHS = "$(inherited) @executable_path/../Frameworks";
				MACOSX_DEPLOYMENT_TARGET = 10.11;
				PRODUCT_BUNDLE_IDENTIFIER = Vytis.HeadlessGenerator;
				PRODUCT_NAME = "$(TARGET_NAME)";
				SDKROOT = macosx;
				SWIFT_VERSION = 3.0;
			};
			name = Debug;
		};
		F18C874E1D36C36C0021F729 /* Release */ = {
			isa = XCBuildConfiguration;
			buildSettings = {
				ASSETCATALOG_COMPILER_APPICON_NAME = AppIcon;
				CLANG_ANALYZER_NONNULL = YES;
				CODE_SIGN_IDENTITY = "-";
				COMBINE_HIDPI_IMAGES = YES;
				EMBEDDED_CONTENT_CONTAINS_SWIFT = YES;
				INFOPLIST_FILE = HeadlessGenerator/Info.plist;
				LD_RUNPATH_SEARCH_PATHS = "$(inherited) @executable_path/../Frameworks";
				MACOSX_DEPLOYMENT_TARGET = 10.11;
				PRODUCT_BUNDLE_IDENTIFIER = Vytis.HeadlessGenerator;
				PRODUCT_NAME = "$(TARGET_NAME)";
				SDKROOT = macosx;
				SWIFT_OPTIMIZATION_LEVEL = "-Owholemodule";
				SWIFT_VERSION = 3.0;
			};
			name = Release;
		};
		F18C87501D36C36C0021F729 /* Debug */ = {
			isa = XCBuildConfiguration;
			buildSettings = {
				BUNDLE_LOADER = "$(TEST_HOST)";
				CLANG_ANALYZER_NONNULL = YES;
				CODE_SIGN_IDENTITY = "-";
				COMBINE_HIDPI_IMAGES = YES;
				INFOPLIST_FILE = HeadlessGeneratorTests/Info.plist;
				LD_RUNPATH_SEARCH_PATHS = "$(inherited) @executable_path/../Frameworks @loader_path/../Frameworks";
				MACOSX_DEPLOYMENT_TARGET = 10.11;
				PRODUCT_BUNDLE_IDENTIFIER = Vytis.HeadlessGeneratorTests;
				PRODUCT_NAME = "$(TARGET_NAME)";
				SDKROOT = macosx;
				SWIFT_VERSION = 3.0;
				TEST_HOST = "$(BUILT_PRODUCTS_DIR)/HeadlessGenerator.app/Contents/MacOS/HeadlessGenerator";
			};
			name = Debug;
		};
		F18C87511D36C36C0021F729 /* Release */ = {
			isa = XCBuildConfiguration;
			buildSettings = {
				BUNDLE_LOADER = "$(TEST_HOST)";
				CLANG_ANALYZER_NONNULL = YES;
				CODE_SIGN_IDENTITY = "-";
				COMBINE_HIDPI_IMAGES = YES;
				INFOPLIST_FILE = HeadlessGeneratorTests/Info.plist;
				LD_RUNPATH_SEARCH_PATHS = "$(inherited) @executable_path/../Frameworks @loader_path/../Frameworks";
				MACOSX_DEPLOYMENT_TARGET = 10.11;
				PRODUCT_BUNDLE_IDENTIFIER = Vytis.HeadlessGeneratorTests;
				PRODUCT_NAME = "$(TARGET_NAME)";
				SDKROOT = macosx;
				SWIFT_VERSION = 3.0;
				TEST_HOST = "$(BUILT_PRODUCTS_DIR)/HeadlessGenerator.app/Contents/MacOS/HeadlessGenerator";
			};
			name = Release;
		};
		F18C87721D36C4350021F729 /* Debug */ = {
			isa = XCBuildConfiguration;
			buildSettings = {
				APPLICATION_EXTENSION_API_ONLY = YES;
				CLANG_ANALYZER_NONNULL = YES;
				CODE_SIGN_IDENTITY = "-";
				COMBINE_HIDPI_IMAGES = YES;
				CURRENT_PROJECT_VERSION = 1;
				DEFINES_MODULE = YES;
				DYLIB_COMPATIBILITY_VERSION = 1;
				DYLIB_CURRENT_VERSION = 1;
				DYLIB_INSTALL_NAME_BASE = "@rpath";
				FRAMEWORK_VERSION = A;
				INFOPLIST_FILE = "Hatching Mac/Info.plist";
				INSTALL_PATH = "$(LOCAL_LIBRARY_DIR)/Frameworks";
				LD_RUNPATH_SEARCH_PATHS = "$(inherited) @executable_path/../Frameworks @loader_path/Frameworks";
				MACOSX_DEPLOYMENT_TARGET = 10.11;
				PRODUCT_BUNDLE_IDENTIFIER = "Vytis.Hatching-Mac";
				PRODUCT_NAME = Hatching;
				SDKROOT = macosx;
				SKIP_INSTALL = YES;
				SWIFT_VERSION = 3.0;
				VERSIONING_SYSTEM = "apple-generic";
				VERSION_INFO_PREFIX = "";
			};
			name = Debug;
		};
		F18C87731D36C4350021F729 /* Release */ = {
			isa = XCBuildConfiguration;
			buildSettings = {
				APPLICATION_EXTENSION_API_ONLY = YES;
				CLANG_ANALYZER_NONNULL = YES;
				CODE_SIGN_IDENTITY = "-";
				COMBINE_HIDPI_IMAGES = YES;
				CURRENT_PROJECT_VERSION = 1;
				DEFINES_MODULE = YES;
				DYLIB_COMPATIBILITY_VERSION = 1;
				DYLIB_CURRENT_VERSION = 1;
				DYLIB_INSTALL_NAME_BASE = "@rpath";
				FRAMEWORK_VERSION = A;
				INFOPLIST_FILE = "Hatching Mac/Info.plist";
				INSTALL_PATH = "$(LOCAL_LIBRARY_DIR)/Frameworks";
				LD_RUNPATH_SEARCH_PATHS = "$(inherited) @executable_path/../Frameworks @loader_path/Frameworks";
				MACOSX_DEPLOYMENT_TARGET = 10.11;
				PRODUCT_BUNDLE_IDENTIFIER = "Vytis.Hatching-Mac";
				PRODUCT_NAME = Hatching;
				SDKROOT = macosx;
				SKIP_INSTALL = YES;
				SWIFT_OPTIMIZATION_LEVEL = "-Owholemodule";
				SWIFT_VERSION = 3.0;
				VERSIONING_SYSTEM = "apple-generic";
				VERSION_INFO_PREFIX = "";
			};
			name = Release;
		};
		F18C87761D36C4350021F729 /* Debug */ = {
			isa = XCBuildConfiguration;
			buildSettings = {
				CLANG_ANALYZER_NONNULL = YES;
				CODE_SIGN_IDENTITY = "-";
				COMBINE_HIDPI_IMAGES = YES;
				INFOPLIST_FILE = "Hatching MacTests/Info.plist";
				LD_RUNPATH_SEARCH_PATHS = "$(inherited) @executable_path/../Frameworks @loader_path/../Frameworks";
				MACOSX_DEPLOYMENT_TARGET = 10.11;
				PRODUCT_BUNDLE_IDENTIFIER = "Vytis.Hatching-MacTests";
				PRODUCT_NAME = Hatching;
				SDKROOT = macosx;
				SWIFT_VERSION = 3.0;
				TEST_HOST = "$(BUILT_PRODUCTS_DIR)/HeadlessGenerator.app/Contents/MacOS/HeadlessGenerator";
			};
			name = Debug;
		};
		F18C87771D36C4350021F729 /* Release */ = {
			isa = XCBuildConfiguration;
			buildSettings = {
				CLANG_ANALYZER_NONNULL = YES;
				CODE_SIGN_IDENTITY = "-";
				COMBINE_HIDPI_IMAGES = YES;
				INFOPLIST_FILE = "Hatching MacTests/Info.plist";
				LD_RUNPATH_SEARCH_PATHS = "$(inherited) @executable_path/../Frameworks @loader_path/../Frameworks";
				MACOSX_DEPLOYMENT_TARGET = 10.11;
				PRODUCT_BUNDLE_IDENTIFIER = "Vytis.Hatching-MacTests";
				PRODUCT_NAME = Hatching;
				SDKROOT = macosx;
				SWIFT_VERSION = 3.0;
				TEST_HOST = "$(BUILT_PRODUCTS_DIR)/HeadlessGenerator.app/Contents/MacOS/HeadlessGenerator";
			};
			name = Release;
		};
		F19C1D7E1B35F039002522F2 /* Debug */ = {
			isa = XCBuildConfiguration;
			buildSettings = {
				ALWAYS_SEARCH_USER_PATHS = NO;
				CLANG_CXX_LANGUAGE_STANDARD = "gnu++0x";
				CLANG_CXX_LIBRARY = "libc++";
				CLANG_ENABLE_MODULES = YES;
				CLANG_ENABLE_OBJC_ARC = YES;
				CLANG_WARN_BOOL_CONVERSION = YES;
				CLANG_WARN_CONSTANT_CONVERSION = YES;
				CLANG_WARN_DIRECT_OBJC_ISA_USAGE = YES_ERROR;
				CLANG_WARN_EMPTY_BODY = YES;
				CLANG_WARN_ENUM_CONVERSION = YES;
				CLANG_WARN_INT_CONVERSION = YES;
				CLANG_WARN_OBJC_ROOT_CLASS = YES_ERROR;
				CLANG_WARN_UNREACHABLE_CODE = YES;
				CLANG_WARN__DUPLICATE_METHOD_MATCH = YES;
				"CODE_SIGN_IDENTITY[sdk=iphoneos*]" = "iPhone Developer";
				COPY_PHASE_STRIP = NO;
				DEBUG_INFORMATION_FORMAT = dwarf;
				ENABLE_STRICT_OBJC_MSGSEND = YES;
				ENABLE_TESTABILITY = YES;
				GCC_C_LANGUAGE_STANDARD = gnu99;
				GCC_DYNAMIC_NO_PIC = NO;
				GCC_NO_COMMON_BLOCKS = YES;
				GCC_OPTIMIZATION_LEVEL = 0;
				GCC_PREPROCESSOR_DEFINITIONS = (
					"DEBUG=1",
					"$(inherited)",
				);
				GCC_WARN_64_TO_32_BIT_CONVERSION = YES;
				GCC_WARN_ABOUT_RETURN_TYPE = YES_ERROR;
				GCC_WARN_UNDECLARED_SELECTOR = YES;
				GCC_WARN_UNINITIALIZED_AUTOS = YES_AGGRESSIVE;
				GCC_WARN_UNUSED_FUNCTION = YES;
				GCC_WARN_UNUSED_VARIABLE = YES;
				IPHONEOS_DEPLOYMENT_TARGET = 9.0;
				MTL_ENABLE_DEBUG_INFO = YES;
				ONLY_ACTIVE_ARCH = YES;
				SDKROOT = iphoneos;
				SWIFT_OPTIMIZATION_LEVEL = "-Onone";
				TARGETED_DEVICE_FAMILY = "1,2";
			};
			name = Debug;
		};
		F19C1D7F1B35F039002522F2 /* Release */ = {
			isa = XCBuildConfiguration;
			buildSettings = {
				ALWAYS_SEARCH_USER_PATHS = NO;
				CLANG_CXX_LANGUAGE_STANDARD = "gnu++0x";
				CLANG_CXX_LIBRARY = "libc++";
				CLANG_ENABLE_MODULES = YES;
				CLANG_ENABLE_OBJC_ARC = YES;
				CLANG_WARN_BOOL_CONVERSION = YES;
				CLANG_WARN_CONSTANT_CONVERSION = YES;
				CLANG_WARN_DIRECT_OBJC_ISA_USAGE = YES_ERROR;
				CLANG_WARN_EMPTY_BODY = YES;
				CLANG_WARN_ENUM_CONVERSION = YES;
				CLANG_WARN_INT_CONVERSION = YES;
				CLANG_WARN_OBJC_ROOT_CLASS = YES_ERROR;
				CLANG_WARN_UNREACHABLE_CODE = YES;
				CLANG_WARN__DUPLICATE_METHOD_MATCH = YES;
				"CODE_SIGN_IDENTITY[sdk=iphoneos*]" = "iPhone Developer";
				COPY_PHASE_STRIP = NO;
				DEBUG_INFORMATION_FORMAT = "dwarf-with-dsym";
				ENABLE_NS_ASSERTIONS = NO;
				ENABLE_STRICT_OBJC_MSGSEND = YES;
				GCC_C_LANGUAGE_STANDARD = gnu99;
				GCC_NO_COMMON_BLOCKS = YES;
				GCC_WARN_64_TO_32_BIT_CONVERSION = YES;
				GCC_WARN_ABOUT_RETURN_TYPE = YES_ERROR;
				GCC_WARN_UNDECLARED_SELECTOR = YES;
				GCC_WARN_UNINITIALIZED_AUTOS = YES_AGGRESSIVE;
				GCC_WARN_UNUSED_FUNCTION = YES;
				GCC_WARN_UNUSED_VARIABLE = YES;
				IPHONEOS_DEPLOYMENT_TARGET = 9.0;
				MTL_ENABLE_DEBUG_INFO = NO;
				SDKROOT = iphoneos;
				TARGETED_DEVICE_FAMILY = "1,2";
				VALIDATE_PRODUCT = YES;
			};
			name = Release;
		};
		F19C1D811B35F039002522F2 /* Debug */ = {
			isa = XCBuildConfiguration;
			buildSettings = {
				ASSETCATALOG_COMPILER_APPICON_NAME = AppIcon;
				CODE_SIGN_IDENTITY = "iPhone Developer";
				EMBEDDED_CONTENT_CONTAINS_SWIFT = YES;
				FRAMEWORK_SEARCH_PATHS = (
					"$(inherited)",
					"$(PROJECT_DIR)/Circlone",
				);
				INFOPLIST_FILE = Circlone/Info.plist;
				IPHONEOS_DEPLOYMENT_TARGET = 9.0;
				LD_RUNPATH_SEARCH_PATHS = "$(inherited) @executable_path/Frameworks";
				PRODUCT_BUNDLE_IDENTIFIER = com.vytis.circlone;
				PRODUCT_NAME = "$(TARGET_NAME)";
			};
			name = Debug;
		};
		F19C1D821B35F039002522F2 /* Release */ = {
			isa = XCBuildConfiguration;
			buildSettings = {
				ASSETCATALOG_COMPILER_APPICON_NAME = AppIcon;
				CODE_SIGN_IDENTITY = "iPhone Developer";
				EMBEDDED_CONTENT_CONTAINS_SWIFT = YES;
				FRAMEWORK_SEARCH_PATHS = (
					"$(inherited)",
					"$(PROJECT_DIR)/Circlone",
				);
				INFOPLIST_FILE = Circlone/Info.plist;
				IPHONEOS_DEPLOYMENT_TARGET = 9.0;
				LD_RUNPATH_SEARCH_PATHS = "$(inherited) @executable_path/Frameworks";
				PRODUCT_BUNDLE_IDENTIFIER = com.vytis.circlone;
				PRODUCT_NAME = "$(TARGET_NAME)";
			};
			name = Release;
		};
		F19C1D841B35F039002522F2 /* Debug */ = {
			isa = XCBuildConfiguration;
			buildSettings = {
				BUNDLE_LOADER = "$(TEST_HOST)";
				INFOPLIST_FILE = CircloneTests/Info.plist;
				LD_RUNPATH_SEARCH_PATHS = "$(inherited) @executable_path/Frameworks @loader_path/Frameworks";
				PRODUCT_BUNDLE_IDENTIFIER = com.wahanda.CircloneTests;
				PRODUCT_NAME = "$(TARGET_NAME)";
				TEST_HOST = "$(BUILT_PRODUCTS_DIR)/Circlone.app/Circlone";
			};
			name = Debug;
		};
		F19C1D851B35F039002522F2 /* Release */ = {
			isa = XCBuildConfiguration;
			buildSettings = {
				BUNDLE_LOADER = "$(TEST_HOST)";
				INFOPLIST_FILE = CircloneTests/Info.plist;
				LD_RUNPATH_SEARCH_PATHS = "$(inherited) @executable_path/Frameworks @loader_path/Frameworks";
				PRODUCT_BUNDLE_IDENTIFIER = com.wahanda.CircloneTests;
				PRODUCT_NAME = "$(TARGET_NAME)";
				TEST_HOST = "$(BUILT_PRODUCTS_DIR)/Circlone.app/Circlone";
			};
			name = Release;
		};
		F19C1D871B35F039002522F2 /* Debug */ = {
			isa = XCBuildConfiguration;
			buildSettings = {
				INFOPLIST_FILE = CircloneUITests/Info.plist;
				LD_RUNPATH_SEARCH_PATHS = "$(inherited) @executable_path/Frameworks @loader_path/Frameworks";
				PRODUCT_BUNDLE_IDENTIFIER = com.wahanda.CircloneUITests;
				PRODUCT_NAME = "$(TARGET_NAME)";
				TEST_TARGET_NAME = Circlone;
				USES_XCTRUNNER = YES;
			};
			name = Debug;
		};
		F19C1D881B35F039002522F2 /* Release */ = {
			isa = XCBuildConfiguration;
			buildSettings = {
				INFOPLIST_FILE = CircloneUITests/Info.plist;
				LD_RUNPATH_SEARCH_PATHS = "$(inherited) @executable_path/Frameworks @loader_path/Frameworks";
				PRODUCT_BUNDLE_IDENTIFIER = com.wahanda.CircloneUITests;
				PRODUCT_NAME = "$(TARGET_NAME)";
				TEST_TARGET_NAME = Circlone;
				USES_XCTRUNNER = YES;
			};
			name = Release;
		};
/* End XCBuildConfiguration section */

/* Begin XCConfigurationList section */
		F18C87121D36BCDB0021F729 /* Build configuration list for PBXNativeTarget "Hatching" */ = {
			isa = XCConfigurationList;
			buildConfigurations = (
				F18C870E1D36BCDB0021F729 /* Debug */,
				F18C870F1D36BCDB0021F729 /* Release */,
			);
			defaultConfigurationIsVisible = 0;
			defaultConfigurationName = Release;
		};
		F18C87141D36BCDB0021F729 /* Build configuration list for PBXNativeTarget "HatchingTests" */ = {
			isa = XCConfigurationList;
			buildConfigurations = (
				F18C87101D36BCDB0021F729 /* Debug */,
				F18C87111D36BCDB0021F729 /* Release */,
			);
			defaultConfigurationIsVisible = 0;
			defaultConfigurationName = Release;
		};
		F18C874C1D36C36C0021F729 /* Build configuration list for PBXNativeTarget "HeadlessGenerator" */ = {
			isa = XCConfigurationList;
			buildConfigurations = (
				F18C874D1D36C36C0021F729 /* Debug */,
				F18C874E1D36C36C0021F729 /* Release */,
			);
			defaultConfigurationIsVisible = 0;
			defaultConfigurationName = Release;
		};
		F18C874F1D36C36C0021F729 /* Build configuration list for PBXNativeTarget "HeadlessGeneratorTests" */ = {
			isa = XCConfigurationList;
			buildConfigurations = (
				F18C87501D36C36C0021F729 /* Debug */,
				F18C87511D36C36C0021F729 /* Release */,
			);
			defaultConfigurationIsVisible = 0;
			defaultConfigurationName = Release;
		};
		F18C87711D36C4350021F729 /* Build configuration list for PBXNativeTarget "Hatching Mac" */ = {
			isa = XCConfigurationList;
			buildConfigurations = (
				F18C87721D36C4350021F729 /* Debug */,
				F18C87731D36C4350021F729 /* Release */,
			);
			defaultConfigurationIsVisible = 0;
			defaultConfigurationName = Release;
		};
		F18C87751D36C4350021F729 /* Build configuration list for PBXNativeTarget "Hatching MacTests" */ = {
			isa = XCConfigurationList;
			buildConfigurations = (
				F18C87761D36C4350021F729 /* Debug */,
				F18C87771D36C4350021F729 /* Release */,
			);
			defaultConfigurationIsVisible = 0;
			defaultConfigurationName = Release;
		};
		F19C1D531B35F038002522F2 /* Build configuration list for PBXProject "Circlone" */ = {
			isa = XCConfigurationList;
			buildConfigurations = (
				F19C1D7E1B35F039002522F2 /* Debug */,
				F19C1D7F1B35F039002522F2 /* Release */,
			);
			defaultConfigurationIsVisible = 0;
			defaultConfigurationName = Release;
		};
		F19C1D801B35F039002522F2 /* Build configuration list for PBXNativeTarget "Circlone" */ = {
			isa = XCConfigurationList;
			buildConfigurations = (
				F19C1D811B35F039002522F2 /* Debug */,
				F19C1D821B35F039002522F2 /* Release */,
			);
			defaultConfigurationIsVisible = 0;
			defaultConfigurationName = Release;
		};
		F19C1D831B35F039002522F2 /* Build configuration list for PBXNativeTarget "CircloneTests" */ = {
			isa = XCConfigurationList;
			buildConfigurations = (
				F19C1D841B35F039002522F2 /* Debug */,
				F19C1D851B35F039002522F2 /* Release */,
			);
			defaultConfigurationIsVisible = 0;
			defaultConfigurationName = Release;
		};
		F19C1D861B35F039002522F2 /* Build configuration list for PBXNativeTarget "CircloneUITests" */ = {
			isa = XCConfigurationList;
			buildConfigurations = (
				F19C1D871B35F039002522F2 /* Debug */,
				F19C1D881B35F039002522F2 /* Release */,
			);
			defaultConfigurationIsVisible = 0;
			defaultConfigurationName = Release;
		};
/* End XCConfigurationList section */
	};
	rootObject = F19C1D501B35F038002522F2 /* Project object */;
}
